
Microsoft Visual Studio Solution File, Format Version 11.00
# Visual C# Express 2010
Project("{FAE04EC0-301F-11D3-BF4B-00C04F79EFBC}") = "BelgissParce_v2", "BelgissParce_v2\BelgissParce_v2.csproj", "{7C363FD4-2E41-4B3E-B560-9ECB67FCA713}"
EndProject
Global
	GlobalSection(SolutionConfigurationPlatforms) = preSolution
		Debug|x86 = Debug|x86
		Release|x86 = Release|x86
	EndGlobalSection
	GlobalSection(ProjectConfigurationPlatforms) = postSolution
		{7C363FD4-2E41-4B3E-B560-9ECB67FCA713}.Debug|x86.ActiveCfg = Debug|x86
		{7C363FD4-2E41-4B3E-B560-9ECB67FCA713}.Debug|x86.Build.0 = Debug|x86
		{7C363FD4-2E41-4B3E-B560-9ECB67FCA713}.Release|x86.ActiveCfg = Release|x86
		{7C363FD4-2E41-4B3E-B560-9ECB67FCA713}.Release|x86.Build.0 = Release|x86
	EndGlobalSection
	GlobalSection(SolutionProperties) = preSolution
		HideSolutionNode = FALSE
	EndGlobalSection
EndGlobal
